// !$*UTF8*$!
{
	archiveVersion = 1;
	classes = {
	};
	objectVersion = 50;
	objects = {

/* Begin PBXBuildFile section */
		1455EFB124632AE500D4822C /* AppDelegate.swift in Sources */ = {isa = PBXBuildFile; fileRef = 1455EFB024632AE500D4822C /* AppDelegate.swift */; };
		1455EFB324632AE500D4822C /* SceneDelegate.swift in Sources */ = {isa = PBXBuildFile; fileRef = 1455EFB224632AE500D4822C /* SceneDelegate.swift */; };
		1455EFB524632AE500D4822C /* MosquesListView.swift in Sources */ = {isa = PBXBuildFile; fileRef = 1455EFB424632AE500D4822C /* MosquesListView.swift */; };
		1455EFB724632B0100D4822C /* Assets.xcassets in Resources */ = {isa = PBXBuildFile; fileRef = 1455EFB624632B0100D4822C /* Assets.xcassets */; };
		1455EFBA24632B0200D4822C /* Preview Assets.xcassets in Resources */ = {isa = PBXBuildFile; fileRef = 1455EFB924632B0200D4822C /* Preview Assets.xcassets */; };
		1455EFBD24632B0200D4822C /* LaunchScreen.storyboard in Resources */ = {isa = PBXBuildFile; fileRef = 1455EFBB24632B0200D4822C /* LaunchScreen.storyboard */; };
		1455EFC72463340A00D4822C /* Mosque.swift in Sources */ = {isa = PBXBuildFile; fileRef = 1455EFC62463340A00D4822C /* Mosque.swift */; };
		1455EFC92463A4B100D4822C /* MosqueDetails.swift in Sources */ = {isa = PBXBuildFile; fileRef = 1455EFC82463A4B100D4822C /* MosqueDetails.swift */; };
/* End PBXBuildFile section */

/* Begin PBXFileReference section */
		1455EFAD24632AE500D4822C /* KuwaitMosques.app */ = {isa = PBXFileReference; explicitFileType = wrapper.application; includeInIndex = 0; path = KuwaitMosques.app; sourceTree = BUILT_PRODUCTS_DIR; };
		1455EFB024632AE500D4822C /* AppDelegate.swift */ = {isa = PBXFileReference; lastKnownFileType = sourcecode.swift; path = AppDelegate.swift; sourceTree = "<group>"; };
		1455EFB224632AE500D4822C /* SceneDelegate.swift */ = {isa = PBXFileReference; lastKnownFileType = sourcecode.swift; path = SceneDelegate.swift; sourceTree = "<group>"; };
		1455EFB424632AE500D4822C /* MosquesListView.swift */ = {isa = PBXFileReference; lastKnownFileType = sourcecode.swift; path = MosquesListView.swift; sourceTree = "<group>"; };
		1455EFB624632B0100D4822C /* Assets.xcassets */ = {isa = PBXFileReference; lastKnownFileType = folder.assetcatalog; path = Assets.xcassets; sourceTree = "<group>"; };
		1455EFB924632B0200D4822C /* Preview Assets.xcassets */ = {isa = PBXFileReference; lastKnownFileType = folder.assetcatalog; path = "Preview Assets.xcassets"; sourceTree = "<group>"; };
		1455EFBC24632B0200D4822C /* Base */ = {isa = PBXFileReference; lastKnownFileType = file.storyboard; name = Base; path = Base.lproj/LaunchScreen.storyboard; sourceTree = "<group>"; };
		1455EFBE24632B0200D4822C /* Info.plist */ = {isa = PBXFileReference; lastKnownFileType = text.plist.xml; path = Info.plist; sourceTree = "<group>"; };
		1455EFC62463340A00D4822C /* Mosque.swift */ = {isa = PBXFileReference; lastKnownFileType = sourcecode.swift; path = Mosque.swift; sourceTree = "<group>"; };
		1455EFC82463A4B100D4822C /* MosqueDetails.swift */ = {isa = PBXFileReference; lastKnownFileType = sourcecode.swift; path = MosqueDetails.swift; sourceTree = "<group>"; };
/* End PBXFileReference section */

/* Begin PBXFrameworksBuildPhase section */
		1455EFAA24632AE500D4822C /* Frameworks */ = {
			isa = PBXFrameworksBuildPhase;
			buildActionMask = 2147483647;
			files = (
			);
			runOnlyForDeploymentPostprocessing = 0;
		};
/* End PBXFrameworksBuildPhase section */

/* Begin PBXGroup section */
		1455EFA424632AE500D4822C = {
			isa = PBXGroup;
			children = (
				1455EFAF24632AE500D4822C /* KuwaitMosques */,
				1455EFAE24632AE500D4822C /* Products */,
			);
			sourceTree = "<group>";
		};
		1455EFAE24632AE500D4822C /* Products */ = {
			isa = PBXGroup;
			children = (
				1455EFAD24632AE500D4822C /* KuwaitMosques.app */,
			);
			name = Products;
			sourceTree = "<group>";
		};
		1455EFAF24632AE500D4822C /* KuwaitMosques */ = {
			isa = PBXGroup;
			children = (
				1455EFB024632AE500D4822C /* AppDelegate.swift */,
				1455EFB224632AE500D4822C /* SceneDelegate.swift */,
				1455EFC524632CA800D4822C /* Models */,
				1455EFC424632C9E00D4822C /* Views */,
				1455EFB624632B0100D4822C /* Assets.xcassets */,
				1455EFBB24632B0200D4822C /* LaunchScreen.storyboard */,
				1455EFBE24632B0200D4822C /* Info.plist */,
				1455EFB824632B0200D4822C /* Preview Content */,
			);
			path = KuwaitMosques;
			sourceTree = "<group>";
		};
		1455EFB824632B0200D4822C /* Preview Content */ = {
			isa = PBXGroup;
			children = (
				1455EFB924632B0200D4822C /* Preview Assets.xcassets */,
			);
			path = "Preview Content";
			sourceTree = "<group>";
		};
		1455EFC424632C9E00D4822C /* Views */ = {
			isa = PBXGroup;
			children = (
				1455EFB424632AE500D4822C /* MosquesListView.swift */,
				1455EFC82463A4B100D4822C /* MosqueDetails.swift */,
			);
			path = Views;
			sourceTree = "<group>";
		};
		1455EFC524632CA800D4822C /* Models */ = {
			isa = PBXGroup;
			children = (
				1455EFC62463340A00D4822C /* Mosque.swift */,
			);
			path = Models;
			sourceTree = "<group>";
		};
/* End PBXGroup section */

/* Begin PBXNativeTarget section */
		1455EFAC24632AE500D4822C /* KuwaitMosques */ = {
			isa = PBXNativeTarget;
			buildConfigurationList = 1455EFC124632B0200D4822C /* Build configuration list for PBXNativeTarget "KuwaitMosques" */;
			buildPhases = (
				1455EFA924632AE500D4822C /* Sources */,
				1455EFAA24632AE500D4822C /* Frameworks */,
				1455EFAB24632AE500D4822C /* Resources */,
			);
			buildRules = (
			);
			dependencies = (
			);
			name = KuwaitMosques;
			productName = KuwaitMosques;
			productReference = 1455EFAD24632AE500D4822C /* KuwaitMosques.app */;
			productType = "com.apple.product-type.application";
		};
/* End PBXNativeTarget section */

/* Begin PBXProject section */
		1455EFA524632AE500D4822C /* Project object */ = {
			isa = PBXProject;
			attributes = {
				LastSwiftUpdateCheck = 1140;
				LastUpgradeCheck = 1140;
				ORGANIZATIONNAME = "Nada Alm";
				TargetAttributes = {
					1455EFAC24632AE500D4822C = {
						CreatedOnToolsVersion = 11.4.1;
					};
				};
			};
			buildConfigurationList = 1455EFA824632AE500D4822C /* Build configuration list for PBXProject "KuwaitMosques" */;
			compatibilityVersion = "Xcode 9.3";
			developmentRegion = en;
			hasScannedForEncodings = 0;
			knownRegions = (
				en,
				Base,
			);
			mainGroup = 1455EFA424632AE500D4822C;
			productRefGroup = 1455EFAE24632AE500D4822C /* Products */;
			projectDirPath = "";
			projectRoot = "";
			targets = (
				1455EFAC24632AE500D4822C /* KuwaitMosques */,
			);
		};
/* End PBXProject section */

/* Begin PBXResourcesBuildPhase section */
		1455EFAB24632AE500D4822C /* Resources */ = {
			isa = PBXResourcesBuildPhase;
			buildActionMask = 2147483647;
			files = (
				1455EFBD24632B0200D4822C /* LaunchScreen.storyboard in Resources */,
				1455EFBA24632B0200D4822C /* Preview Assets.xcassets in Resources */,
				1455EFB724632B0100D4822C /* Assets.xcassets in Resources */,
			);
			runOnlyForDeploymentPostprocessing = 0;
		};
/* End PBXResourcesBuildPhase section */

/* Begin PBXSourcesBuildPhase section */
		1455EFA924632AE500D4822C /* Sources */ = {
			isa = PBXSourcesBuildPhase;
			buildActionMask = 2147483647;
			files = (
				1455EFB124632AE500D4822C /* AppDelegate.swift in Sources */,
				1455EFC72463340A00D4822C /* Mosque.swift in Sources */,
				1455EFB324632AE500D4822C /* SceneDelegate.swift in Sources */,
				1455EFC92463A4B100D4822C /* MosqueDetails.swift in Sources */,
				1455EFB524632AE500D4822C /* MosquesListView.swift in Sources */,
			);
			runOnlyForDeploymentPostprocessing = 0;
		};
/* End PBXSourcesBuildPhase section */

/* Begin PBXVariantGroup section */
		1455EFBB24632B0200D4822C /* LaunchScreen.storyboard */ = {
			isa = PBXVariantGroup;
			children = (
				1455EFBC24632B0200D4822C /* Base */,
			);
			name = LaunchScreen.storyboard;
			sourceTree = "<group>";
		};
/* End PBXVariantGroup section */

/* Begin XCBuildConfiguration section */
		1455EFBF24632B0200D4822C /* Debug */ = {
			isa = XCBuildConfiguration;
			buildSettings = {
				ALWAYS_SEARCH_USER_PATHS = NO;
				CLANG_ANALYZER_NONNULL = YES;
				CLANG_ANALYZER_NUMBER_OBJECT_CONVERSION = YES_AGGRESSIVE;
				CLANG_CXX_LANGUAGE_STANDARD = "gnu++14";
				CLANG_CXX_LIBRARY = "libc++";
				CLANG_ENABLE_MODULES = YES;
				CLANG_ENABLE_OBJC_ARC = YES;
				CLANG_ENABLE_OBJC_WEAK = YES;
				CLANG_WARN_BLOCK_CAPTURE_AUTORELEASING = YES;
				CLANG_WARN_BOOL_CONVERSION = YES;
				CLANG_WARN_COMMA = YES;
				CLANG_WARN_CONSTANT_CONVERSION = YES;
				CLANG_WARN_DEPRECATED_OBJC_IMPLEMENTATIONS = YES;
				CLANG_WARN_DIRECT_OBJC_ISA_USAGE = YES_ERROR;
				CLANG_WARN_DOCUMENTATION_COMMENTS = YES;
				CLANG_WARN_EMPTY_BODY = YES;
				CLANG_WARN_ENUM_CONVERSION = YES;
				CLANG_WARN_INFINITE_RECURSION = YES;
				CLANG_WARN_INT_CONVERSION = YES;
				CLANG_WARN_NON_LITERAL_NULL_CONVERSION = YES;
				CLANG_WARN_OBJC_IMPLICIT_RETAIN_SELF = YES;
				CLANG_WARN_OBJC_LITERAL_CONVERSION = YES;
				CLANG_WARN_OBJC_ROOT_CLASS = YES_ERROR;
				CLANG_WARN_RANGE_LOOP_ANALYSIS = YES;
				CLANG_WARN_STRICT_PROTOTYPES = YES;
				CLANG_WARN_SUSPICIOUS_MOVE = YES;
				CLANG_WARN_UNGUARDED_AVAILABILITY = YES_AGGRESSIVE;
				CLANG_WARN_UNREACHABLE_CODE = YES;
				CLANG_WARN__DUPLICATE_METHOD_MATCH = YES;
				COPY_PHASE_STRIP = NO;
				DEBUG_INFORMATION_FORMAT = dwarf;
				ENABLE_STRICT_OBJC_MSGSEND = YES;
				ENABLE_TESTABILITY = YES;
				GCC_C_LANGUAGE_STANDARD = gnu11;
				GCC_DYNAMIC_NO_PIC = NO;
				GCC_NO_COMMON_BLOCKS = YES;
				GCC_OPTIMIZATION_LEVEL = 0;
				GCC_PREPROCESSOR_DEFINITIONS = (
					"DEBUG=1",
					"$(inherited)",
				);
				GCC_WARN_64_TO_32_BIT_CONVERSION = YES;
				GCC_WARN_ABOUT_RETURN_TYPE = YES_ERROR;
				GCC_WARN_UNDECLARED_SELECTOR = YES;
				GCC_WARN_UNINITIALIZED_AUTOS = YES_AGGRESSIVE;
				GCC_WARN_UNUSED_FUNCTION = YES;
				GCC_WARN_UNUSED_VARIABLE = YES;
				IPHONEOS_DEPLOYMENT_TARGET = 13.4;
				MTL_ENABLE_DEBUG_INFO = INCLUDE_SOURCE;
				MTL_FAST_MATH = YES;
				ONLY_ACTIVE_ARCH = YES;
				SDKROOT = iphoneos;
				SWIFT_ACTIVE_COMPILATION_CONDITIONS = DEBUG;
				SWIFT_OPTIMIZATION_LEVEL = "-Onone";
			};
			name = Debug;
		};
		1455EFC024632B0200D4822C /* Release */ = {
			isa = XCBuildConfiguration;
			buildSettings = {
				ALWAYS_SEARCH_USER_PATHS = NO;
				CLANG_ANALYZER_NONNULL = YES;
				CLANG_ANALYZER_NUMBER_OBJECT_CONVERSION = YES_AGGRESSIVE;
				CLANG_CXX_LANGUAGE_STANDARD = "gnu++14";
				CLANG_CXX_LIBRARY = "libc++";
				CLANG_ENABLE_MODULES = YES;
				CLANG_ENABLE_OBJC_ARC = YES;
				CLANG_ENABLE_OBJC_WEAK = YES;
				CLANG_WARN_BLOCK_CAPTURE_AUTORELEASING = YES;
				CLANG_WARN_BOOL_CONVERSION = YES;
				CLANG_WARN_COMMA = YES;
				CLANG_WARN_CONSTANT_CONVERSION = YES;
				CLANG_WARN_DEPRECATED_OBJC_IMPLEMENTATIONS = YES;
				CLANG_WARN_DIRECT_OBJC_ISA_USAGE = YES_ERROR;
				CLANG_WARN_DOCUMENTATION_COMMENTS = YES;
				CLANG_WARN_EMPTY_BODY = YES;
				CLANG_WARN_ENUM_CONVERSION = YES;
				CLANG_WARN_INFINITE_RECURSION = YES;
				CLANG_WARN_INT_CONVERSION = YES;
				CLANG_WARN_NON_LITERAL_NULL_CONVERSION = YES;
				CLANG_WARN_OBJC_IMPLICIT_RETAIN_SELF = YES;
				CLANG_WARN_OBJC_LITERAL_CONVERSION = YES;
				CLANG_WARN_OBJC_ROOT_CLASS = YES_ERROR;
				CLANG_WARN_RANGE_LOOP_ANALYSIS = YES;
				CLANG_WARN_STRICT_PROTOTYPES = YES;
				CLANG_WARN_SUSPICIOUS_MOVE = YES;
				CLANG_WARN_UNGUARDED_AVAILABILITY = YES_AGGRESSIVE;
				CLANG_WARN_UNREACHABLE_CODE = YES;
				CLANG_WARN__DUPLICATE_METHOD_MATCH = YES;
				COPY_PHASE_STRIP = NO;
				DEBUG_INFORMATION_FORMAT = "dwarf-with-dsym";
				ENABLE_NS_ASSERTIONS = NO;
				ENABLE_STRICT_OBJC_MSGSEND = YES;
				GCC_C_LANGUAGE_STANDARD = gnu11;
				GCC_NO_COMMON_BLOCKS = YES;
				GCC_WARN_64_TO_32_BIT_CONVERSION = YES;
				GCC_WARN_ABOUT_RETURN_TYPE = YES_ERROR;
				GCC_WARN_UNDECLARED_SELECTOR = YES;
				GCC_WARN_UNINITIALIZED_AUTOS = YES_AGGRESSIVE;
				GCC_WARN_UNUSED_FUNCTION = YES;
				GCC_WARN_UNUSED_VARIABLE = YES;
				IPHONEOS_DEPLOYMENT_TARGET = 13.4;
				MTL_ENABLE_DEBUG_INFO = NO;
				MTL_FAST_MATH = YES;
				SDKROOT = iphoneos;
				SWIFT_COMPILATION_MODE = wholemodule;
				SWIFT_OPTIMIZATION_LEVEL = "-O";
				VALIDATE_PRODUCT = YES;
			};
			name = Release;
		};
		1455EFC224632B0200D4822C /* Debug */ = {
			isa = XCBuildConfiguration;
			buildSettings = {
				ASSETCATALOG_COMPILER_APPICON_NAME = AppIcon;
				CODE_SIGN_STYLE = Automatic;
				DEVELOPMENT_ASSET_PATHS = "\"KuwaitMosques/Preview Content\"";
				DEVELOPMENT_TEAM = RSRTA49VJB;
				ENABLE_PREVIEWS = YES;
				INFOPLIST_FILE = KuwaitMosques/Info.plist;
				LD_RUNPATH_SEARCH_PATHS = (
					"$(inherited)",
					"@executable_path/Frameworks",
				);
				PRODUCT_BUNDLE_IDENTIFIER = nada.com.KuwaitMosques;
				PRODUCT_NAME = "$(TARGET_NAME)";
				SWIFT_VERSION = 5.0;
				TARGETED_DEVICE_FAMILY = "1,2";
			};
			name = Debug;
		};
		1455EFC324632B0200D4822C /* Release */ = {
			isa = XCBuildConfiguration;
			buildSettings = {
				ASSETCATALOG_COMPILER_APPICON_NAME = AppIcon;
				CODE_SIGN_STYLE = Automatic;
				DEVELOPMENT_ASSET_PATHS = "\"KuwaitMosques/Preview Content\"";
				DEVELOPMENT_TEAM = RSRTA49VJB;
				ENABLE_PREVIEWS = YES;
				INFOPLIST_FILE = KuwaitMosques/Info.plist;
				LD_RUNPATH_SEARCH_PATHS = (
					"$(inherited)",
					"@executable_path/Frameworks",
				);
				PRODUCT_BUNDLE_IDENTIFIER = nada.com.KuwaitMosques;
				PRODUCT_NAME = "$(TARGET_NAME)";
				SWIFT_VERSION = 5.0;
				TARGETED_DEVICE_FAMILY = "1,2";
			};
			name = Release;
		};
/* End XCBuildConfiguration section */

/* Begin XCConfigurationList section */
		1455EFA824632AE500D4822C /* Build configuration list for PBXProject "KuwaitMosques" */ = {
			isa = XCConfigurationList;
			buildConfigurations = (
				1455EFBF24632B0200D4822C /* Debug */,
				1455EFC024632B0200D4822C /* Release */,
			);
			defaultConfigurationIsVisible = 0;
			defaultConfigurationName = Release;
		};
		1455EFC124632B0200D4822C /* Build configuration list for PBXNativeTarget "KuwaitMosques" */ = {
			isa = XCConfigurationList;
			buildConfigurations = (
				1455EFC224632B0200D4822C /* Debug */,
				1455EFC324632B0200D4822C /* Release */,
			);
			defaultConfigurationIsVisible = 0;
			defaultConfigurationName = Release;
		};
/* End XCConfigurationList section */
	};
	rootObject = 1455EFA524632AE500D4822C /* Project object */;
}
